
Microsoft Visual Studio Solution File, Format Version 12.00
Project("{F2A71F9B-5D33-465A-A702-920D77279786}") = "ImageAsciiConverter", "ImageAsciiConverter\ImageAsciiConverter.fsproj", "{E3F44AED-02D4-40C8-A00A-54058DDC4A2C}"
EndProject
Global
	GlobalSection(SolutionConfigurationPlatforms) = preSolution
		Debug|Any CPU = Debug|Any CPU
		Release|Any CPU = Release|Any CPU
	EndGlobalSection
	GlobalSection(ProjectConfigurationPlatforms) = postSolution
		{E3F44AED-02D4-40C8-A00A-54058DDC4A2C}.Debug|Any CPU.ActiveCfg = Debug|Any CPU
		{E3F44AED-02D4-40C8-A00A-54058DDC4A2C}.Debug|Any CPU.Build.0 = Debug|Any CPU
		{E3F44AED-02D4-40C8-A00A-54058DDC4A2C}.Release|Any CPU.ActiveCfg = Release|Any CPU
		{E3F44AED-02D4-40C8-A00A-54058DDC4A2C}.Release|Any CPU.Build.0 = Release|Any CPU
	EndGlobalSection
EndGlobal
